
Microsoft Visual Studio Solution File, Format Version 12.00
# Visual Studio Version 17
VisualStudioVersion = 17.3.32929.385
MinimumVisualStudioVersion = 10.0.40219.1
Project("{FAE04EC0-301F-11D3-BF4B-00C04F79EFBC}") = "formulario", "formulario\formulario.csproj", "{0FD8B12B-6BA2-4FD1-8484-B2F6DDADD3F5}"
EndProject
Global
	GlobalSection(SolutionConfigurationPlatforms) = preSolution
		Debug|Any CPU = Debug|Any CPU
		Release|Any CPU = Release|Any CPU
	EndGlobalSection
	GlobalSection(ProjectConfigurationPlatforms) = postSolution
		{0FD8B12B-6BA2-4FD1-8484-B2F6DDADD3F5}.Debug|Any CPU.ActiveCfg = Debug|Any CPU
		{0FD8B12B-6BA2-4FD1-8484-B2F6DDADD3F5}.Debug|Any CPU.Build.0 = Debug|Any CPU
		{0FD8B12B-6BA2-4FD1-8484-B2F6DDADD3F5}.Release|Any CPU.ActiveCfg = Release|Any CPU
		{0FD8B12B-6BA2-4FD1-8484-B2F6DDADD3F5}.Release|Any CPU.Build.0 = Release|Any CPU
	EndGlobalSection
	GlobalSection(SolutionProperties) = preSolution
		HideSolutionNode = FALSE
	EndGlobalSection
	GlobalSection(ExtensibilityGlobals) = postSolution
		SolutionGuid = {65EF1852-339F-4F79-86E1-9C79F60E75B3}
	EndGlobalSection
EndGlobal
